
Microsoft Visual Studio Solution File, Format Version 12.00
# Visual Studio 15
VisualStudioVersion = 15.0.28307.1300
MinimumVisualStudioVersion = 10.0.40219.1
Project("{9A19103F-16F7-4668-BE54-9A1E7A4F7556}") = "Supermarket.API", "Supermarket.API.csproj", "{C23011E9-EDE8-4698-9F77-F40838CAB189}"
EndProject
Project("{FAE04EC0-301F-11D3-BF4B-00C04F79EFBC}") = "SupermarketAPI_Test", "..\SupermarketAPI_Test\SupermarketAPI_Test.csproj", "{2BE93421-3867-47E0-BE3E-E852741E64F0}"
EndProject
Global
	GlobalSection(SolutionConfigurationPlatforms) = preSolution
		Debug|Any CPU = Debug|Any CPU
		Release|Any CPU = Release|Any CPU
	EndGlobalSection
	GlobalSection(ProjectConfigurationPlatforms) = postSolution
		{C23011E9-EDE8-4698-9F77-F40838CAB189}.Debug|Any CPU.ActiveCfg = Debug|Any CPU
		{C23011E9-EDE8-4698-9F77-F40838CAB189}.Debug|Any CPU.Build.0 = Debug|Any CPU
		{C23011E9-EDE8-4698-9F77-F40838CAB189}.Release|Any CPU.ActiveCfg = Release|Any CPU
		{C23011E9-EDE8-4698-9F77-F40838CAB189}.Release|Any CPU.Build.0 = Release|Any CPU
		{2BE93421-3867-47E0-BE3E-E852741E64F0}.Debug|Any CPU.ActiveCfg = Debug|Any CPU
		{2BE93421-3867-47E0-BE3E-E852741E64F0}.Debug|Any CPU.Build.0 = Debug|Any CPU
		{2BE93421-3867-47E0-BE3E-E852741E64F0}.Release|Any CPU.ActiveCfg = Release|Any CPU
		{2BE93421-3867-47E0-BE3E-E852741E64F0}.Release|Any CPU.Build.0 = Release|Any CPU
	EndGlobalSection
	GlobalSection(SolutionProperties) = preSolution
		HideSolutionNode = FALSE
	EndGlobalSection
	GlobalSection(ExtensibilityGlobals) = postSolution
		SolutionGuid = {14BC1889-B591-444D-99CD-F96B00B44A29}
	EndGlobalSection
EndGlobal
